
Microsoft Visual Studio Solution File, Format Version 12.00
# Visual Studio 14
VisualStudioVersion = 14.0.23107.0
MinimumVisualStudioVersion = 10.0.40219.1
Project("{2150E333-8FDC-42A3-9474-1A3956D46DE8}") = "src", "src", "{B2036425-072A-48DA-819E-ADC0E955F11E}"
EndProject
Project("{2150E333-8FDC-42A3-9474-1A3956D46DE8}") = "Solution Items", "Solution Items", "{61E7A446-CAF8-4EA5-97EF-BF335CB3DBB7}"
	ProjectSection(SolutionItems) = preProject
		global.json = global.json
	EndProjectSection
EndProject
Project("{8BB2217D-0F2D-49D1-97BC-3654ED321F3B}") = "DemoInfo", "src\DemoInfo\DemoInfo.xproj", "{473DF254-57F1-4DFE-A34C-E7EF2B761B2C}"
EndProject
Project("{8BB2217D-0F2D-49D1-97BC-3654ED321F3B}") = "DemoGo", "src\DemoGo\DemoGo.xproj", "{D66E8BA6-D339-490A-9822-6DB7959F324B}"
EndProject
Global
	GlobalSection(SolutionConfigurationPlatforms) = preSolution
		Debug|Any CPU = Debug|Any CPU
		Release|Any CPU = Release|Any CPU
	EndGlobalSection
	GlobalSection(ProjectConfigurationPlatforms) = postSolution
		{473DF254-57F1-4DFE-A34C-E7EF2B761B2C}.Debug|Any CPU.ActiveCfg = Release|Any CPU
		{473DF254-57F1-4DFE-A34C-E7EF2B761B2C}.Debug|Any CPU.Build.0 = Release|Any CPU
		{473DF254-57F1-4DFE-A34C-E7EF2B761B2C}.Release|Any CPU.ActiveCfg = Release|Any CPU
		{473DF254-57F1-4DFE-A34C-E7EF2B761B2C}.Release|Any CPU.Build.0 = Release|Any CPU
		{D66E8BA6-D339-490A-9822-6DB7959F324B}.Debug|Any CPU.ActiveCfg = Debug|Any CPU
		{D66E8BA6-D339-490A-9822-6DB7959F324B}.Debug|Any CPU.Build.0 = Debug|Any CPU
		{D66E8BA6-D339-490A-9822-6DB7959F324B}.Release|Any CPU.ActiveCfg = Release|Any CPU
		{D66E8BA6-D339-490A-9822-6DB7959F324B}.Release|Any CPU.Build.0 = Release|Any CPU
	EndGlobalSection
	GlobalSection(SolutionProperties) = preSolution
		HideSolutionNode = FALSE
	EndGlobalSection
	GlobalSection(NestedProjects) = preSolution
		{473DF254-57F1-4DFE-A34C-E7EF2B761B2C} = {B2036425-072A-48DA-819E-ADC0E955F11E}
		{D66E8BA6-D339-490A-9822-6DB7959F324B} = {B2036425-072A-48DA-819E-ADC0E955F11E}
	EndGlobalSection
EndGlobal
